
Microsoft Visual Studio Solution File, Format Version 12.00
# Visual Studio Version 17
VisualStudioVersion = 17.6.33815.320
MinimumVisualStudioVersion = 10.0.40219.1
Project("{9A19103F-16F7-4668-BE54-9A1E7A4F7556}") = "GAME_TicTacToe", "GAME_TicTacToe\GAME_TicTacToe.csproj", "{260476EE-6629-4A69-98C1-56841BEF555B}"
EndProject
Project("{9A19103F-16F7-4668-BE54-9A1E7A4F7556}") = "GAME_MindGame", "GAME_MindGame\GAME_MindGame.csproj", "{C5D3E50C-29A7-4EA8-B0A8-9B4D103BD338}"
EndProject
Project("{9A19103F-16F7-4668-BE54-9A1E7A4F7556}") = "Restaurant_Controll_System", "Restaurant_Controll_System\Restaurant_Controll_System.csproj", "{FA57BEAF-8A97-49F2-9A0E-448EAD0B254E}"
EndProject
Project("{9A19103F-16F7-4668-BE54-9A1E7A4F7556}") = "Basic_ATM", "Basic_ATM\Basic_ATM.csproj", "{D151A2DE-DE09-4DB0-80AC-CB0D097823A0}"
EndProject
Global
	GlobalSection(SolutionConfigurationPlatforms) = preSolution
		Debug|Any CPU = Debug|Any CPU
		Release|Any CPU = Release|Any CPU
	EndGlobalSection
	GlobalSection(ProjectConfigurationPlatforms) = postSolution
		{260476EE-6629-4A69-98C1-56841BEF555B}.Debug|Any CPU.ActiveCfg = Debug|Any CPU
		{260476EE-6629-4A69-98C1-56841BEF555B}.Debug|Any CPU.Build.0 = Debug|Any CPU
		{260476EE-6629-4A69-98C1-56841BEF555B}.Release|Any CPU.ActiveCfg = Release|Any CPU
		{260476EE-6629-4A69-98C1-56841BEF555B}.Release|Any CPU.Build.0 = Release|Any CPU
		{C5D3E50C-29A7-4EA8-B0A8-9B4D103BD338}.Debug|Any CPU.ActiveCfg = Debug|Any CPU
		{C5D3E50C-29A7-4EA8-B0A8-9B4D103BD338}.Debug|Any CPU.Build.0 = Debug|Any CPU
		{C5D3E50C-29A7-4EA8-B0A8-9B4D103BD338}.Release|Any CPU.ActiveCfg = Release|Any CPU
		{C5D3E50C-29A7-4EA8-B0A8-9B4D103BD338}.Release|Any CPU.Build.0 = Release|Any CPU
		{FA57BEAF-8A97-49F2-9A0E-448EAD0B254E}.Debug|Any CPU.ActiveCfg = Debug|Any CPU
		{FA57BEAF-8A97-49F2-9A0E-448EAD0B254E}.Debug|Any CPU.Build.0 = Debug|Any CPU
		{FA57BEAF-8A97-49F2-9A0E-448EAD0B254E}.Release|Any CPU.ActiveCfg = Release|Any CPU
		{FA57BEAF-8A97-49F2-9A0E-448EAD0B254E}.Release|Any CPU.Build.0 = Release|Any CPU
		{D151A2DE-DE09-4DB0-80AC-CB0D097823A0}.Debug|Any CPU.ActiveCfg = Debug|Any CPU
		{D151A2DE-DE09-4DB0-80AC-CB0D097823A0}.Debug|Any CPU.Build.0 = Debug|Any CPU
		{D151A2DE-DE09-4DB0-80AC-CB0D097823A0}.Release|Any CPU.ActiveCfg = Release|Any CPU
		{D151A2DE-DE09-4DB0-80AC-CB0D097823A0}.Release|Any CPU.Build.0 = Release|Any CPU
	EndGlobalSection
	GlobalSection(SolutionProperties) = preSolution
		HideSolutionNode = FALSE
	EndGlobalSection
	GlobalSection(ExtensibilityGlobals) = postSolution
		SolutionGuid = {51A5F22E-8A17-4D58-B1A4-1FF0651C7A95}
	EndGlobalSection
EndGlobal
